
Microsoft Visual Studio Solution File, Format Version 12.00
# Visual Studio Version 16
VisualStudioVersion = 16.0.30804.86
MinimumVisualStudioVersion = 10.0.40219.1
Project("{FAE04EC0-301F-11D3-BF4B-00C04F79EFBC}") = "SokakLezzetleri", "SokakLezzetleri\SokakLezzetleri.csproj", "{A39DC5E7-26F5-4776-A401-B17DDD8DAEEB}"
EndProject
Global
	GlobalSection(SolutionConfigurationPlatforms) = preSolution
		Debug|Any CPU = Debug|Any CPU
		Release|Any CPU = Release|Any CPU
	EndGlobalSection
	GlobalSection(ProjectConfigurationPlatforms) = postSolution
		{A39DC5E7-26F5-4776-A401-B17DDD8DAEEB}.Debug|Any CPU.ActiveCfg = Debug|Any CPU
		{A39DC5E7-26F5-4776-A401-B17DDD8DAEEB}.Debug|Any CPU.Build.0 = Debug|Any CPU
		{A39DC5E7-26F5-4776-A401-B17DDD8DAEEB}.Release|Any CPU.ActiveCfg = Release|Any CPU
		{A39DC5E7-26F5-4776-A401-B17DDD8DAEEB}.Release|Any CPU.Build.0 = Release|Any CPU
	EndGlobalSection
	GlobalSection(SolutionProperties) = preSolution
		HideSolutionNode = FALSE
	EndGlobalSection
	GlobalSection(ExtensibilityGlobals) = postSolution
		SolutionGuid = {E88B523A-D581-45DB-BE19-06AF35AA8286}
	EndGlobalSection
EndGlobal
